
Microsoft Visual Studio Solution File, Format Version 12.00
# Visual Studio 15
VisualStudioVersion = 15.0.26403.7
MinimumVisualStudioVersion = 10.0.40219.1
Project("{FAE04EC0-301F-11D3-BF4B-00C04F79EFBC}") = "04_vs2017", "04_vs2017\04_vs2017.csproj", "{97E1133B-9BF3-4550-95F8-936CA68E57CD}"
EndProject
Project("{FAE04EC0-301F-11D3-BF4B-00C04F79EFBC}") = "05_vs2017", "05_vs2017\05_vs2017.csproj", "{77B0CAEF-5D6E-4162-8821-D49B79A2ABAD}"
EndProject
Project("{FAE04EC0-301F-11D3-BF4B-00C04F79EFBC}") = "06_vs2017", "06_vs2017\06_vs2017.csproj", "{26EB5C59-53E3-409D-866E-98F0DE7E3D7D}"
EndProject
Project("{FAE04EC0-301F-11D3-BF4B-00C04F79EFBC}") = "bnCalculator", "bnCalculator\bnCalculator.csproj", "{CA106275-5E75-4BF6-BF55-EB726CA9C9A0}"
EndProject
Project("{FAE04EC0-301F-11D3-BF4B-00C04F79EFBC}") = "bnCalculatorUnitTests", "bnCalculatorUnitTests\bnCalculatorUnitTests.csproj", "{D9B64635-9560-438A-8AC2-0D4CD75677B9}"
EndProject
Global
	GlobalSection(SolutionConfigurationPlatforms) = preSolution
		Debug|Any CPU = Debug|Any CPU
		Release|Any CPU = Release|Any CPU
	EndGlobalSection
	GlobalSection(ProjectConfigurationPlatforms) = postSolution
		{97E1133B-9BF3-4550-95F8-936CA68E57CD}.Debug|Any CPU.ActiveCfg = Debug|Any CPU
		{97E1133B-9BF3-4550-95F8-936CA68E57CD}.Debug|Any CPU.Build.0 = Debug|Any CPU
		{97E1133B-9BF3-4550-95F8-936CA68E57CD}.Release|Any CPU.ActiveCfg = Release|Any CPU
		{97E1133B-9BF3-4550-95F8-936CA68E57CD}.Release|Any CPU.Build.0 = Release|Any CPU
		{77B0CAEF-5D6E-4162-8821-D49B79A2ABAD}.Debug|Any CPU.ActiveCfg = Debug|Any CPU
		{77B0CAEF-5D6E-4162-8821-D49B79A2ABAD}.Debug|Any CPU.Build.0 = Debug|Any CPU
		{77B0CAEF-5D6E-4162-8821-D49B79A2ABAD}.Release|Any CPU.ActiveCfg = Release|Any CPU
		{77B0CAEF-5D6E-4162-8821-D49B79A2ABAD}.Release|Any CPU.Build.0 = Release|Any CPU
		{26EB5C59-53E3-409D-866E-98F0DE7E3D7D}.Debug|Any CPU.ActiveCfg = Debug|Any CPU
		{26EB5C59-53E3-409D-866E-98F0DE7E3D7D}.Debug|Any CPU.Build.0 = Debug|Any CPU
		{26EB5C59-53E3-409D-866E-98F0DE7E3D7D}.Release|Any CPU.ActiveCfg = Release|Any CPU
		{26EB5C59-53E3-409D-866E-98F0DE7E3D7D}.Release|Any CPU.Build.0 = Release|Any CPU
		{CA106275-5E75-4BF6-BF55-EB726CA9C9A0}.Debug|Any CPU.ActiveCfg = Debug|Any CPU
		{CA106275-5E75-4BF6-BF55-EB726CA9C9A0}.Debug|Any CPU.Build.0 = Debug|Any CPU
		{CA106275-5E75-4BF6-BF55-EB726CA9C9A0}.Release|Any CPU.ActiveCfg = Release|Any CPU
		{CA106275-5E75-4BF6-BF55-EB726CA9C9A0}.Release|Any CPU.Build.0 = Release|Any CPU
		{D9B64635-9560-438A-8AC2-0D4CD75677B9}.Debug|Any CPU.ActiveCfg = Debug|Any CPU
		{D9B64635-9560-438A-8AC2-0D4CD75677B9}.Debug|Any CPU.Build.0 = Debug|Any CPU
		{D9B64635-9560-438A-8AC2-0D4CD75677B9}.Release|Any CPU.ActiveCfg = Release|Any CPU
		{D9B64635-9560-438A-8AC2-0D4CD75677B9}.Release|Any CPU.Build.0 = Release|Any CPU
	EndGlobalSection
	GlobalSection(SolutionProperties) = preSolution
		HideSolutionNode = FALSE
	EndGlobalSection
EndGlobal
